
Microsoft Visual Studio Solution File, Format Version 12.00
# Visual Studio Version 17
VisualStudioVersion = 17.3.32901.215
MinimumVisualStudioVersion = 10.0.40219.1
Project("{9A19103F-16F7-4668-BE54-9A1E7A4F7556}") = "Evaluacion1", "Evaluacion1.csproj", "{E7D46712-FF44-4E4D-856E-552AA331DD48}"
EndProject
Project("{FAE04EC0-301F-11D3-BF4B-00C04F79EFBC}") = "Evaluacion1.Infrastructure", "..\Evaluacion1.Infrastructure\Evaluacion1.Infrastructure.csproj", "{5CA499C5-EC0C-427C-B990-65D5754754B0}"
EndProject
Project("{FAE04EC0-301F-11D3-BF4B-00C04F79EFBC}") = "Evaluacion1.Models", "..\Evaluacion1.Models\Evaluacion1.Models.csproj", "{B4D81B1F-D21E-42B6-9C33-994EA48716FE}"
EndProject
Global
	GlobalSection(SolutionConfigurationPlatforms) = preSolution
		Debug|Any CPU = Debug|Any CPU
		Release|Any CPU = Release|Any CPU
	EndGlobalSection
	GlobalSection(ProjectConfigurationPlatforms) = postSolution
		{E7D46712-FF44-4E4D-856E-552AA331DD48}.Debug|Any CPU.ActiveCfg = Debug|Any CPU
		{E7D46712-FF44-4E4D-856E-552AA331DD48}.Debug|Any CPU.Build.0 = Debug|Any CPU
		{E7D46712-FF44-4E4D-856E-552AA331DD48}.Release|Any CPU.ActiveCfg = Release|Any CPU
		{E7D46712-FF44-4E4D-856E-552AA331DD48}.Release|Any CPU.Build.0 = Release|Any CPU
		{5CA499C5-EC0C-427C-B990-65D5754754B0}.Debug|Any CPU.ActiveCfg = Debug|Any CPU
		{5CA499C5-EC0C-427C-B990-65D5754754B0}.Debug|Any CPU.Build.0 = Debug|Any CPU
		{5CA499C5-EC0C-427C-B990-65D5754754B0}.Release|Any CPU.ActiveCfg = Release|Any CPU
		{5CA499C5-EC0C-427C-B990-65D5754754B0}.Release|Any CPU.Build.0 = Release|Any CPU
		{B4D81B1F-D21E-42B6-9C33-994EA48716FE}.Debug|Any CPU.ActiveCfg = Debug|Any CPU
		{B4D81B1F-D21E-42B6-9C33-994EA48716FE}.Debug|Any CPU.Build.0 = Debug|Any CPU
		{B4D81B1F-D21E-42B6-9C33-994EA48716FE}.Release|Any CPU.ActiveCfg = Release|Any CPU
		{B4D81B1F-D21E-42B6-9C33-994EA48716FE}.Release|Any CPU.Build.0 = Release|Any CPU
	EndGlobalSection
	GlobalSection(SolutionProperties) = preSolution
		HideSolutionNode = FALSE
	EndGlobalSection
	GlobalSection(ExtensibilityGlobals) = postSolution
		SolutionGuid = {1F6B43B2-EB78-4C72-A1F1-E7114D60415C}
	EndGlobalSection
EndGlobal
